// !$*UTF8*$!
{
	archiveVersion = 1;
	classes = {
	};
	objectVersion = 50;
	objects = {

/* Begin PBXBuildFile section */
		0DB09F6226568A9E006011FF /* AppDelegate.swift in Sources */ = {isa = PBXBuildFile; fileRef = 0DB09F6126568A9E006011FF /* AppDelegate.swift */; };
		0DB09F6426568A9E006011FF /* SceneDelegate.swift in Sources */ = {isa = PBXBuildFile; fileRef = 0DB09F6326568A9E006011FF /* SceneDelegate.swift */; };
		0DB09F6926568A9E006011FF /* Main.storyboard in Resources */ = {isa = PBXBuildFile; fileRef = 0DB09F6726568A9E006011FF /* Main.storyboard */; };
		0DB09F6B26568AA0006011FF /* Assets.xcassets in Resources */ = {isa = PBXBuildFile; fileRef = 0DB09F6A26568AA0006011FF /* Assets.xcassets */; };
		0DB09F6E26568AA0006011FF /* LaunchScreen.storyboard in Resources */ = {isa = PBXBuildFile; fileRef = 0DB09F6C26568AA0006011FF /* LaunchScreen.storyboard */; };
		0DB09F7F26569B7D006011FF /* FeedViewController.swift in Sources */ = {isa = PBXBuildFile; fileRef = 0DB09F7E26569B7D006011FF /* FeedViewController.swift */; };
		0DB09F8226569BE2006011FF /* ProfileViewController.swift in Sources */ = {isa = PBXBuildFile; fileRef = 0DB09F8126569BE2006011FF /* ProfileViewController.swift */; };
		0DB09F882656AAD9006011FF /* PostViewController.swift in Sources */ = {isa = PBXBuildFile; fileRef = 0DB09F872656AAD9006011FF /* PostViewController.swift */; };
		0DB09F8C2656AEF4006011FF /* ViewController.swift in Sources */ = {isa = PBXBuildFile; fileRef = 0DB09F8B2656AEF4006011FF /* ViewController.swift */; };
		0DB09F8F2656B8B6006011FF /* InfoViewController.swift in Sources */ = {isa = PBXBuildFile; fileRef = 0DB09F8E2656B8B6006011FF /* InfoViewController.swift */; };
		0DB09F922656BC66006011FF /* UIAllertViewController.swift in Sources */ = {isa = PBXBuildFile; fileRef = 0DB09F912656BC66006011FF /* UIAllertViewController.swift */; };
/* End PBXBuildFile section */

/* Begin PBXFileReference section */
		0DB09F5E26568A9E006011FF /* Navigation.app */ = {isa = PBXFileReference; explicitFileType = wrapper.application; includeInIndex = 0; path = Navigation.app; sourceTree = BUILT_PRODUCTS_DIR; };
		0DB09F6126568A9E006011FF /* AppDelegate.swift */ = {isa = PBXFileReference; lastKnownFileType = sourcecode.swift; path = AppDelegate.swift; sourceTree = "<group>"; };
		0DB09F6326568A9E006011FF /* SceneDelegate.swift */ = {isa = PBXFileReference; lastKnownFileType = sourcecode.swift; path = SceneDelegate.swift; sourceTree = "<group>"; };
		0DB09F6826568A9E006011FF /* Base */ = {isa = PBXFileReference; lastKnownFileType = file.storyboard; name = Base; path = Base.lproj/Main.storyboard; sourceTree = "<group>"; };
		0DB09F6A26568AA0006011FF /* Assets.xcassets */ = {isa = PBXFileReference; lastKnownFileType = folder.assetcatalog; path = Assets.xcassets; sourceTree = "<group>"; };
		0DB09F6D26568AA0006011FF /* Base */ = {isa = PBXFileReference; lastKnownFileType = file.storyboard; name = Base; path = Base.lproj/LaunchScreen.storyboard; sourceTree = "<group>"; };
		0DB09F6F26568AA0006011FF /* Info.plist */ = {isa = PBXFileReference; lastKnownFileType = text.plist.xml; path = Info.plist; sourceTree = "<group>"; };
		0DB09F7E26569B7D006011FF /* FeedViewController.swift */ = {isa = PBXFileReference; lastKnownFileType = sourcecode.swift; path = FeedViewController.swift; sourceTree = "<group>"; };
		0DB09F8126569BE2006011FF /* ProfileViewController.swift */ = {isa = PBXFileReference; lastKnownFileType = sourcecode.swift; path = ProfileViewController.swift; sourceTree = "<group>"; };
		0DB09F872656AAD9006011FF /* PostViewController.swift */ = {isa = PBXFileReference; lastKnownFileType = sourcecode.swift; path = PostViewController.swift; sourceTree = "<group>"; };
		0DB09F8B2656AEF4006011FF /* ViewController.swift */ = {isa = PBXFileReference; lastKnownFileType = sourcecode.swift; path = ViewController.swift; sourceTree = "<group>"; };
		0DB09F8E2656B8B6006011FF /* InfoViewController.swift */ = {isa = PBXFileReference; lastKnownFileType = sourcecode.swift; path = InfoViewController.swift; sourceTree = "<group>"; };
		0DB09F912656BC66006011FF /* UIAllertViewController.swift */ = {isa = PBXFileReference; lastKnownFileType = sourcecode.swift; path = UIAllertViewController.swift; sourceTree = "<group>"; };
/* End PBXFileReference section */

/* Begin PBXFrameworksBuildPhase section */
		0DB09F5B26568A9E006011FF /* Frameworks */ = {
			isa = PBXFrameworksBuildPhase;
			buildActionMask = 2147483647;
			files = (
			);
			runOnlyForDeploymentPostprocessing = 0;
		};
/* End PBXFrameworksBuildPhase section */

/* Begin PBXGroup section */
		0DB09F5526568A9E006011FF = {
			isa = PBXGroup;
			children = (
				0DB09F6026568A9E006011FF /* Navigation */,
				0DB09F5F26568A9E006011FF /* Products */,
			);
			sourceTree = "<group>";
		};
		0DB09F5F26568A9E006011FF /* Products */ = {
			isa = PBXGroup;
			children = (
				0DB09F5E26568A9E006011FF /* Navigation.app */,
			);
			name = Products;
			sourceTree = "<group>";
		};
		0DB09F6026568A9E006011FF /* Navigation */ = {
			isa = PBXGroup;
			children = (
				0DB09F6126568A9E006011FF /* AppDelegate.swift */,
				0DB09F6326568A9E006011FF /* SceneDelegate.swift */,
				0DB09F872656AAD9006011FF /* PostViewController.swift */,
				0DB09F6726568A9E006011FF /* Main.storyboard */,
				0DB09F8E2656B8B6006011FF /* InfoViewController.swift */,
				0DB09F912656BC66006011FF /* UIAllertViewController.swift */,
				0DB09F8B2656AEF4006011FF /* ViewController.swift */,
				0DB09F8126569BE2006011FF /* ProfileViewController.swift */,
				0DB09F7E26569B7D006011FF /* FeedViewController.swift */,
				0DB09F6A26568AA0006011FF /* Assets.xcassets */,
				0DB09F6C26568AA0006011FF /* LaunchScreen.storyboard */,
				0DB09F6F26568AA0006011FF /* Info.plist */,
			);
			path = Navigation;
			sourceTree = "<group>";
		};
/* End PBXGroup section */

/* Begin PBXNativeTarget section */
		0DB09F5D26568A9E006011FF /* Navigation */ = {
			isa = PBXNativeTarget;
			buildConfigurationList = 0DB09F7226568AA0006011FF /* Build configuration list for PBXNativeTarget "Navigation" */;
			buildPhases = (
				0DB09F5A26568A9E006011FF /* Sources */,
				0DB09F5B26568A9E006011FF /* Frameworks */,
				0DB09F5C26568A9E006011FF /* Resources */,
			);
			buildRules = (
			);
			dependencies = (
			);
			name = Navigation;
			productName = Navigation;
			productReference = 0DB09F5E26568A9E006011FF /* Navigation.app */;
			productType = "com.apple.product-type.application";
		};
/* End PBXNativeTarget section */

/* Begin PBXProject section */
		0DB09F5626568A9E006011FF /* Project object */ = {
			isa = PBXProject;
			attributes = {
				LastSwiftUpdateCheck = 1240;
				LastUpgradeCheck = 1240;
				TargetAttributes = {
					0DB09F5D26568A9E006011FF = {
						CreatedOnToolsVersion = 12.4;
					};
				};
			};
			buildConfigurationList = 0DB09F5926568A9E006011FF /* Build configuration list for PBXProject "Navigation" */;
			compatibilityVersion = "Xcode 9.3";
			developmentRegion = en;
			hasScannedForEncodings = 0;
			knownRegions = (
				en,
				Base,
			);
			mainGroup = 0DB09F5526568A9E006011FF;
			productRefGroup = 0DB09F5F26568A9E006011FF /* Products */;
			projectDirPath = "";
			projectRoot = "";
			targets = (
				0DB09F5D26568A9E006011FF /* Navigation */,
			);
		};
/* End PBXProject section */

/* Begin PBXResourcesBuildPhase section */
		0DB09F5C26568A9E006011FF /* Resources */ = {
			isa = PBXResourcesBuildPhase;
			buildActionMask = 2147483647;
			files = (
				0DB09F6E26568AA0006011FF /* LaunchScreen.storyboard in Resources */,
				0DB09F6B26568AA0006011FF /* Assets.xcassets in Resources */,
				0DB09F6926568A9E006011FF /* Main.storyboard in Resources */,
			);
			runOnlyForDeploymentPostprocessing = 0;
		};
/* End PBXResourcesBuildPhase section */

/* Begin PBXSourcesBuildPhase section */
		0DB09F5A26568A9E006011FF /* Sources */ = {
			isa = PBXSourcesBuildPhase;
			buildActionMask = 2147483647;
			files = (
				0DB09F922656BC66006011FF /* UIAllertViewController.swift in Sources */,
				0DB09F8C2656AEF4006011FF /* ViewController.swift in Sources */,
				0DB09F882656AAD9006011FF /* PostViewController.swift in Sources */,
				0DB09F6226568A9E006011FF /* AppDelegate.swift in Sources */,
				0DB09F8F2656B8B6006011FF /* InfoViewController.swift in Sources */,
				0DB09F8226569BE2006011FF /* ProfileViewController.swift in Sources */,
				0DB09F7F26569B7D006011FF /* FeedViewController.swift in Sources */,
				0DB09F6426568A9E006011FF /* SceneDelegate.swift in Sources */,
			);
			runOnlyForDeploymentPostprocessing = 0;
		};
/* End PBXSourcesBuildPhase section */

/* Begin PBXVariantGroup section */
		0DB09F6726568A9E006011FF /* Main.storyboard */ = {
			isa = PBXVariantGroup;
			children = (
				0DB09F6826568A9E006011FF /* Base */,
			);
			name = Main.storyboard;
			sourceTree = "<group>";
		};
		0DB09F6C26568AA0006011FF /* LaunchScreen.storyboard */ = {
			isa = PBXVariantGroup;
			children = (
				0DB09F6D26568AA0006011FF /* Base */,
			);
			name = LaunchScreen.storyboard;
			sourceTree = "<group>";
		};
/* End PBXVariantGroup section */

/* Begin XCBuildConfiguration section */
		0DB09F7026568AA0006011FF /* Debug */ = {
			isa = XCBuildConfiguration;
			buildSettings = {
				ALWAYS_SEARCH_USER_PATHS = NO;
				CLANG_ANALYZER_NONNULL = YES;
				CLANG_ANALYZER_NUMBER_OBJECT_CONVERSION = YES_AGGRESSIVE;
				CLANG_CXX_LANGUAGE_STANDARD = "gnu++14";
				CLANG_CXX_LIBRARY = "libc++";
				CLANG_ENABLE_MODULES = YES;
				CLANG_ENABLE_OBJC_ARC = YES;
				CLANG_ENABLE_OBJC_WEAK = YES;
				CLANG_WARN_BLOCK_CAPTURE_AUTORELEASING = YES;
				CLANG_WARN_BOOL_CONVERSION = YES;
				CLANG_WARN_COMMA = YES;
				CLANG_WARN_CONSTANT_CONVERSION = YES;
				CLANG_WARN_DEPRECATED_OBJC_IMPLEMENTATIONS = YES;
				CLANG_WARN_DIRECT_OBJC_ISA_USAGE = YES_ERROR;
				CLANG_WARN_DOCUMENTATION_COMMENTS = YES;
				CLANG_WARN_EMPTY_BODY = YES;
				CLANG_WARN_ENUM_CONVERSION = YES;
				CLANG_WARN_INFINITE_RECURSION = YES;
				CLANG_WARN_INT_CONVERSION = YES;
				CLANG_WARN_NON_LITERAL_NULL_CONVERSION = YES;
				CLANG_WARN_OBJC_IMPLICIT_RETAIN_SELF = YES;
				CLANG_WARN_OBJC_LITERAL_CONVERSION = YES;
				CLANG_WARN_OBJC_ROOT_CLASS = YES_ERROR;
				CLANG_WARN_QUOTED_INCLUDE_IN_FRAMEWORK_HEADER = YES;
				CLANG_WARN_RANGE_LOOP_ANALYSIS = YES;
				CLANG_WARN_STRICT_PROTOTYPES = YES;
				CLANG_WARN_SUSPICIOUS_MOVE = YES;
				CLANG_WARN_UNGUARDED_AVAILABILITY = YES_AGGRESSIVE;
				CLANG_WARN_UNREACHABLE_CODE = YES;
				CLANG_WARN__DUPLICATE_METHOD_MATCH = YES;
				COPY_PHASE_STRIP = NO;
				DEBUG_INFORMATION_FORMAT = dwarf;
				ENABLE_STRICT_OBJC_MSGSEND = YES;
				ENABLE_TESTABILITY = YES;
				GCC_C_LANGUAGE_STANDARD = gnu11;
				GCC_DYNAMIC_NO_PIC = NO;
				GCC_NO_COMMON_BLOCKS = YES;
				GCC_OPTIMIZATION_LEVEL = 0;
				GCC_PREPROCESSOR_DEFINITIONS = (
					"DEBUG=1",
					"$(inherited)",
				);
				GCC_WARN_64_TO_32_BIT_CONVERSION = YES;
				GCC_WARN_ABOUT_RETURN_TYPE = YES_ERROR;
				GCC_WARN_UNDECLARED_SELECTOR = YES;
				GCC_WARN_UNINITIALIZED_AUTOS = YES_AGGRESSIVE;
				GCC_WARN_UNUSED_FUNCTION = YES;
				GCC_WARN_UNUSED_VARIABLE = YES;
				IPHONEOS_DEPLOYMENT_TARGET = 14.4;
				MTL_ENABLE_DEBUG_INFO = INCLUDE_SOURCE;
				MTL_FAST_MATH = YES;
				ONLY_ACTIVE_ARCH = YES;
				SDKROOT = iphoneos;
				SWIFT_ACTIVE_COMPILATION_CONDITIONS = DEBUG;
				SWIFT_OPTIMIZATION_LEVEL = "-Onone";
			};
			name = Debug;
		};
		0DB09F7126568AA0006011FF /* Release */ = {
			isa = XCBuildConfiguration;
			buildSettings = {
				ALWAYS_SEARCH_USER_PATHS = NO;
				CLANG_ANALYZER_NONNULL = YES;
				CLANG_ANALYZER_NUMBER_OBJECT_CONVERSION = YES_AGGRESSIVE;
				CLANG_CXX_LANGUAGE_STANDARD = "gnu++14";
				CLANG_CXX_LIBRARY = "libc++";
				CLANG_ENABLE_MODULES = YES;
				CLANG_ENABLE_OBJC_ARC = YES;
				CLANG_ENABLE_OBJC_WEAK = YES;
				CLANG_WARN_BLOCK_CAPTURE_AUTORELEASING = YES;
				CLANG_WARN_BOOL_CONVERSION = YES;
				CLANG_WARN_COMMA = YES;
				CLANG_WARN_CONSTANT_CONVERSION = YES;
				CLANG_WARN_DEPRECATED_OBJC_IMPLEMENTATIONS = YES;
				CLANG_WARN_DIRECT_OBJC_ISA_USAGE = YES_ERROR;
				CLANG_WARN_DOCUMENTATION_COMMENTS = YES;
				CLANG_WARN_EMPTY_BODY = YES;
				CLANG_WARN_ENUM_CONVERSION = YES;
				CLANG_WARN_INFINITE_RECURSION = YES;
				CLANG_WARN_INT_CONVERSION = YES;
				CLANG_WARN_NON_LITERAL_NULL_CONVERSION = YES;
				CLANG_WARN_OBJC_IMPLICIT_RETAIN_SELF = YES;
				CLANG_WARN_OBJC_LITERAL_CONVERSION = YES;
				CLANG_WARN_OBJC_ROOT_CLASS = YES_ERROR;
				CLANG_WARN_QUOTED_INCLUDE_IN_FRAMEWORK_HEADER = YES;
				CLANG_WARN_RANGE_LOOP_ANALYSIS = YES;
				CLANG_WARN_STRICT_PROTOTYPES = YES;
				CLANG_WARN_SUSPICIOUS_MOVE = YES;
				CLANG_WARN_UNGUARDED_AVAILABILITY = YES_AGGRESSIVE;
				CLANG_WARN_UNREACHABLE_CODE = YES;
				CLANG_WARN__DUPLICATE_METHOD_MATCH = YES;
				COPY_PHASE_STRIP = NO;
				DEBUG_INFORMATION_FORMAT = "dwarf-with-dsym";
				ENABLE_NS_ASSERTIONS = NO;
				ENABLE_STRICT_OBJC_MSGSEND = YES;
				GCC_C_LANGUAGE_STANDARD = gnu11;
				GCC_NO_COMMON_BLOCKS = YES;
				GCC_WARN_64_TO_32_BIT_CONVERSION = YES;
				GCC_WARN_ABOUT_RETURN_TYPE = YES_ERROR;
				GCC_WARN_UNDECLARED_SELECTOR = YES;
				GCC_WARN_UNINITIALIZED_AUTOS = YES_AGGRESSIVE;
				GCC_WARN_UNUSED_FUNCTION = YES;
				GCC_WARN_UNUSED_VARIABLE = YES;
				IPHONEOS_DEPLOYMENT_TARGET = 14.4;
				MTL_ENABLE_DEBUG_INFO = NO;
				MTL_FAST_MATH = YES;
				SDKROOT = iphoneos;
				SWIFT_COMPILATION_MODE = wholemodule;
				SWIFT_OPTIMIZATION_LEVEL = "-O";
				VALIDATE_PRODUCT = YES;
			};
			name = Release;
		};
		0DB09F7326568AA0006011FF /* Debug */ = {
			isa = XCBuildConfiguration;
			buildSettings = {
				ASSETCATALOG_COMPILER_APPICON_NAME = AppIcon;
				ASSETCATALOG_COMPILER_GLOBAL_ACCENT_COLOR_NAME = AccentColor;
				CODE_SIGN_STYLE = Automatic;
				INFOPLIST_FILE = Navigation/Info.plist;
				LD_RUNPATH_SEARCH_PATHS = (
					"$(inherited)",
					"@executable_path/Frameworks",
				);
				PRODUCT_BUNDLE_IDENTIFIER = "-.Navigation";
				PRODUCT_NAME = "$(TARGET_NAME)";
				SWIFT_VERSION = 5.0;
				TARGETED_DEVICE_FAMILY = "1,2";
			};
			name = Debug;
		};
		0DB09F7426568AA0006011FF /* Release */ = {
			isa = XCBuildConfiguration;
			buildSettings = {
				ASSETCATALOG_COMPILER_APPICON_NAME = AppIcon;
				ASSETCATALOG_COMPILER_GLOBAL_ACCENT_COLOR_NAME = AccentColor;
				CODE_SIGN_STYLE = Automatic;
				INFOPLIST_FILE = Navigation/Info.plist;
				LD_RUNPATH_SEARCH_PATHS = (
					"$(inherited)",
					"@executable_path/Frameworks",
				);
				PRODUCT_BUNDLE_IDENTIFIER = "-.Navigation";
				PRODUCT_NAME = "$(TARGET_NAME)";
				SWIFT_VERSION = 5.0;
				TARGETED_DEVICE_FAMILY = "1,2";
			};
			name = Release;
		};
/* End XCBuildConfiguration section */

/* Begin XCConfigurationList section */
		0DB09F5926568A9E006011FF /* Build configuration list for PBXProject "Navigation" */ = {
			isa = XCConfigurationList;
			buildConfigurations = (
				0DB09F7026568AA0006011FF /* Debug */,
				0DB09F7126568AA0006011FF /* Release */,
			);
			defaultConfigurationIsVisible = 0;
			defaultConfigurationName = Release;
		};
		0DB09F7226568AA0006011FF /* Build configuration list for PBXNativeTarget "Navigation" */ = {
			isa = XCConfigurationList;
			buildConfigurations = (
				0DB09F7326568AA0006011FF /* Debug */,
				0DB09F7426568AA0006011FF /* Release */,
			);
			defaultConfigurationIsVisible = 0;
			defaultConfigurationName = Release;
		};
/* End XCConfigurationList section */
	};
	rootObject = 0DB09F5626568A9E006011FF /* Project object */;
}
