// !$*UTF8*$!
{
	archiveVersion = 1;
	classes = {
	};
	objectVersion = 50;
	objects = {

/* Begin PBXBuildFile section */
		0D45681C2648169200A99BFF /* AppDelegate.swift in Sources */ = {isa = PBXBuildFile; fileRef = 0D45681B2648169200A99BFF /* AppDelegate.swift */; };
		0D45681E2648169200A99BFF /* SceneDelegate.swift in Sources */ = {isa = PBXBuildFile; fileRef = 0D45681D2648169200A99BFF /* SceneDelegate.swift */; };
		0D4568202648169200A99BFF /* ViewController.swift in Sources */ = {isa = PBXBuildFile; fileRef = 0D45681F2648169200A99BFF /* ViewController.swift */; };
		0D4568252648169300A99BFF /* Assets.xcassets in Resources */ = {isa = PBXBuildFile; fileRef = 0D4568242648169300A99BFF /* Assets.xcassets */; };
		0D4568282648169300A99BFF /* LaunchScreen.storyboard in Resources */ = {isa = PBXBuildFile; fileRef = 0D4568262648169300A99BFF /* LaunchScreen.storyboard */; };
		0D456832264819FE00A99BFF /* Profile.storyboard in Resources */ = {isa = PBXBuildFile; fileRef = 0D456831264819FE00A99BFF /* Profile.storyboard */; };
		0D45683D26481F4800A99BFF /* ProfileView.xib in Resources */ = {isa = PBXBuildFile; fileRef = 0D45683C26481F4800A99BFF /* ProfileView.xib */; };
		0D4568402648221B00A99BFF /* ProfileView.swift in Sources */ = {isa = PBXBuildFile; fileRef = 0D45683F2648221B00A99BFF /* ProfileView.swift */; };
		0DCD471D2648480200EAFF99 /* ProfileViewController.swift in Sources */ = {isa = PBXBuildFile; fileRef = 0DCD471C2648480200EAFF99 /* ProfileViewController.swift */; };
		0DCD472026484C1300EAFF99 /* Main.storyboard in Resources */ = {isa = PBXBuildFile; fileRef = 0DCD471F26484C1300EAFF99 /* Main.storyboard */; };
/* End PBXBuildFile section */

/* Begin PBXFileReference section */
		0D4568182648169200A99BFF /* Netology_IB_Instruments'.app */ = {isa = PBXFileReference; explicitFileType = wrapper.application; includeInIndex = 0; path = "Netology_IB_Instruments'.app"; sourceTree = BUILT_PRODUCTS_DIR; };
		0D45681B2648169200A99BFF /* AppDelegate.swift */ = {isa = PBXFileReference; lastKnownFileType = sourcecode.swift; path = AppDelegate.swift; sourceTree = "<group>"; };
		0D45681D2648169200A99BFF /* SceneDelegate.swift */ = {isa = PBXFileReference; lastKnownFileType = sourcecode.swift; path = SceneDelegate.swift; sourceTree = "<group>"; };
		0D45681F2648169200A99BFF /* ViewController.swift */ = {isa = PBXFileReference; lastKnownFileType = sourcecode.swift; path = ViewController.swift; sourceTree = "<group>"; };
		0D4568242648169300A99BFF /* Assets.xcassets */ = {isa = PBXFileReference; lastKnownFileType = folder.assetcatalog; path = Assets.xcassets; sourceTree = "<group>"; };
		0D4568272648169300A99BFF /* Base */ = {isa = PBXFileReference; lastKnownFileType = file.storyboard; name = Base; path = Base.lproj/LaunchScreen.storyboard; sourceTree = "<group>"; };
		0D4568292648169300A99BFF /* Info.plist */ = {isa = PBXFileReference; lastKnownFileType = text.plist.xml; path = Info.plist; sourceTree = "<group>"; };
		0D456831264819FE00A99BFF /* Profile.storyboard */ = {isa = PBXFileReference; lastKnownFileType = file.storyboard; path = Profile.storyboard; sourceTree = "<group>"; };
		0D45683C26481F4800A99BFF /* ProfileView.xib */ = {isa = PBXFileReference; lastKnownFileType = file.xib; path = ProfileView.xib; sourceTree = "<group>"; };
		0D45683F2648221B00A99BFF /* ProfileView.swift */ = {isa = PBXFileReference; lastKnownFileType = sourcecode.swift; path = ProfileView.swift; sourceTree = "<group>"; };
		0DCD471C2648480200EAFF99 /* ProfileViewController.swift */ = {isa = PBXFileReference; lastKnownFileType = sourcecode.swift; path = ProfileViewController.swift; sourceTree = "<group>"; };
		0DCD471F26484C1300EAFF99 /* Main.storyboard */ = {isa = PBXFileReference; lastKnownFileType = file.storyboard; path = Main.storyboard; sourceTree = "<group>"; };
/* End PBXFileReference section */

/* Begin PBXFrameworksBuildPhase section */
		0D4568152648169200A99BFF /* Frameworks */ = {
			isa = PBXFrameworksBuildPhase;
			buildActionMask = 2147483647;
			files = (
			);
			runOnlyForDeploymentPostprocessing = 0;
		};
/* End PBXFrameworksBuildPhase section */

/* Begin PBXGroup section */
		0D45680F2648169200A99BFF = {
			isa = PBXGroup;
			children = (
				0D45681A2648169200A99BFF /* Netology_IB_Instruments' */,
				0D4568192648169200A99BFF /* Products */,
			);
			sourceTree = "<group>";
		};
		0D4568192648169200A99BFF /* Products */ = {
			isa = PBXGroup;
			children = (
				0D4568182648169200A99BFF /* Netology_IB_Instruments'.app */,
			);
			name = Products;
			sourceTree = "<group>";
		};
		0D45681A2648169200A99BFF /* Netology_IB_Instruments' */ = {
			isa = PBXGroup;
			children = (
				0D45681B2648169200A99BFF /* AppDelegate.swift */,
				0D45681D2648169200A99BFF /* SceneDelegate.swift */,
				0D45681F2648169200A99BFF /* ViewController.swift */,
				0D456831264819FE00A99BFF /* Profile.storyboard */,
				0DCD471C2648480200EAFF99 /* ProfileViewController.swift */,
				0D45683C26481F4800A99BFF /* ProfileView.xib */,
				0D45683F2648221B00A99BFF /* ProfileView.swift */,
				0DCD471F26484C1300EAFF99 /* Main.storyboard */,
				0D4568242648169300A99BFF /* Assets.xcassets */,
				0D4568262648169300A99BFF /* LaunchScreen.storyboard */,
				0D4568292648169300A99BFF /* Info.plist */,
			);
			path = "Netology_IB_Instruments'";
			sourceTree = "<group>";
		};
/* End PBXGroup section */

/* Begin PBXNativeTarget section */
		0D4568172648169200A99BFF /* Netology_IB_Instruments' */ = {
			isa = PBXNativeTarget;
			buildConfigurationList = 0D45682C2648169300A99BFF /* Build configuration list for PBXNativeTarget "Netology_IB_Instruments'" */;
			buildPhases = (
				0D4568142648169200A99BFF /* Sources */,
				0D4568152648169200A99BFF /* Frameworks */,
				0D4568162648169200A99BFF /* Resources */,
			);
			buildRules = (
			);
			dependencies = (
			);
			name = "Netology_IB_Instruments'";
			productName = "Netology_IB_Instruments'";
			productReference = 0D4568182648169200A99BFF /* Netology_IB_Instruments'.app */;
			productType = "com.apple.product-type.application";
		};
/* End PBXNativeTarget section */

/* Begin PBXProject section */
		0D4568102648169200A99BFF /* Project object */ = {
			isa = PBXProject;
			attributes = {
				LastSwiftUpdateCheck = 1240;
				LastUpgradeCheck = 1240;
				TargetAttributes = {
					0D4568172648169200A99BFF = {
						CreatedOnToolsVersion = 12.4;
					};
				};
			};
			buildConfigurationList = 0D4568132648169200A99BFF /* Build configuration list for PBXProject "Netology_IB_Instruments'" */;
			compatibilityVersion = "Xcode 9.3";
			developmentRegion = en;
			hasScannedForEncodings = 0;
			knownRegions = (
				en,
				Base,
			);
			mainGroup = 0D45680F2648169200A99BFF;
			productRefGroup = 0D4568192648169200A99BFF /* Products */;
			projectDirPath = "";
			projectRoot = "";
			targets = (
				0D4568172648169200A99BFF /* Netology_IB_Instruments' */,
			);
		};
/* End PBXProject section */

/* Begin PBXResourcesBuildPhase section */
		0D4568162648169200A99BFF /* Resources */ = {
			isa = PBXResourcesBuildPhase;
			buildActionMask = 2147483647;
			files = (
				0D45683D26481F4800A99BFF /* ProfileView.xib in Resources */,
				0DCD472026484C1300EAFF99 /* Main.storyboard in Resources */,
				0D456832264819FE00A99BFF /* Profile.storyboard in Resources */,
				0D4568282648169300A99BFF /* LaunchScreen.storyboard in Resources */,
				0D4568252648169300A99BFF /* Assets.xcassets in Resources */,
			);
			runOnlyForDeploymentPostprocessing = 0;
		};
/* End PBXResourcesBuildPhase section */

/* Begin PBXSourcesBuildPhase section */
		0D4568142648169200A99BFF /* Sources */ = {
			isa = PBXSourcesBuildPhase;
			buildActionMask = 2147483647;
			files = (
				0D4568402648221B00A99BFF /* ProfileView.swift in Sources */,
				0D4568202648169200A99BFF /* ViewController.swift in Sources */,
				0DCD471D2648480200EAFF99 /* ProfileViewController.swift in Sources */,
				0D45681C2648169200A99BFF /* AppDelegate.swift in Sources */,
				0D45681E2648169200A99BFF /* SceneDelegate.swift in Sources */,
			);
			runOnlyForDeploymentPostprocessing = 0;
		};
/* End PBXSourcesBuildPhase section */

/* Begin PBXVariantGroup section */
		0D4568262648169300A99BFF /* LaunchScreen.storyboard */ = {
			isa = PBXVariantGroup;
			children = (
				0D4568272648169300A99BFF /* Base */,
			);
			name = LaunchScreen.storyboard;
			sourceTree = "<group>";
		};
/* End PBXVariantGroup section */

/* Begin XCBuildConfiguration section */
		0D45682A2648169300A99BFF /* Debug */ = {
			isa = XCBuildConfiguration;
			buildSettings = {
				ALWAYS_SEARCH_USER_PATHS = NO;
				CLANG_ANALYZER_NONNULL = YES;
				CLANG_ANALYZER_NUMBER_OBJECT_CONVERSION = YES_AGGRESSIVE;
				CLANG_CXX_LANGUAGE_STANDARD = "gnu++14";
				CLANG_CXX_LIBRARY = "libc++";
				CLANG_ENABLE_MODULES = YES;
				CLANG_ENABLE_OBJC_ARC = YES;
				CLANG_ENABLE_OBJC_WEAK = YES;
				CLANG_WARN_BLOCK_CAPTURE_AUTORELEASING = YES;
				CLANG_WARN_BOOL_CONVERSION = YES;
				CLANG_WARN_COMMA = YES;
				CLANG_WARN_CONSTANT_CONVERSION = YES;
				CLANG_WARN_DEPRECATED_OBJC_IMPLEMENTATIONS = YES;
				CLANG_WARN_DIRECT_OBJC_ISA_USAGE = YES_ERROR;
				CLANG_WARN_DOCUMENTATION_COMMENTS = YES;
				CLANG_WARN_EMPTY_BODY = YES;
				CLANG_WARN_ENUM_CONVERSION = YES;
				CLANG_WARN_INFINITE_RECURSION = YES;
				CLANG_WARN_INT_CONVERSION = YES;
				CLANG_WARN_NON_LITERAL_NULL_CONVERSION = YES;
				CLANG_WARN_OBJC_IMPLICIT_RETAIN_SELF = YES;
				CLANG_WARN_OBJC_LITERAL_CONVERSION = YES;
				CLANG_WARN_OBJC_ROOT_CLASS = YES_ERROR;
				CLANG_WARN_QUOTED_INCLUDE_IN_FRAMEWORK_HEADER = YES;
				CLANG_WARN_RANGE_LOOP_ANALYSIS = YES;
				CLANG_WARN_STRICT_PROTOTYPES = YES;
				CLANG_WARN_SUSPICIOUS_MOVE = YES;
				CLANG_WARN_UNGUARDED_AVAILABILITY = YES_AGGRESSIVE;
				CLANG_WARN_UNREACHABLE_CODE = YES;
				CLANG_WARN__DUPLICATE_METHOD_MATCH = YES;
				COPY_PHASE_STRIP = NO;
				DEBUG_INFORMATION_FORMAT = dwarf;
				ENABLE_STRICT_OBJC_MSGSEND = YES;
				ENABLE_TESTABILITY = YES;
				GCC_C_LANGUAGE_STANDARD = gnu11;
				GCC_DYNAMIC_NO_PIC = NO;
				GCC_NO_COMMON_BLOCKS = YES;
				GCC_OPTIMIZATION_LEVEL = 0;
				GCC_PREPROCESSOR_DEFINITIONS = (
					"DEBUG=1",
					"$(inherited)",
				);
				GCC_WARN_64_TO_32_BIT_CONVERSION = YES;
				GCC_WARN_ABOUT_RETURN_TYPE = YES_ERROR;
				GCC_WARN_UNDECLARED_SELECTOR = YES;
				GCC_WARN_UNINITIALIZED_AUTOS = YES_AGGRESSIVE;
				GCC_WARN_UNUSED_FUNCTION = YES;
				GCC_WARN_UNUSED_VARIABLE = YES;
				IPHONEOS_DEPLOYMENT_TARGET = 14.4;
				MTL_ENABLE_DEBUG_INFO = INCLUDE_SOURCE;
				MTL_FAST_MATH = YES;
				ONLY_ACTIVE_ARCH = YES;
				SDKROOT = iphoneos;
				SWIFT_ACTIVE_COMPILATION_CONDITIONS = DEBUG;
				SWIFT_OPTIMIZATION_LEVEL = "-Onone";
			};
			name = Debug;
		};
		0D45682B2648169300A99BFF /* Release */ = {
			isa = XCBuildConfiguration;
			buildSettings = {
				ALWAYS_SEARCH_USER_PATHS = NO;
				CLANG_ANALYZER_NONNULL = YES;
				CLANG_ANALYZER_NUMBER_OBJECT_CONVERSION = YES_AGGRESSIVE;
				CLANG_CXX_LANGUAGE_STANDARD = "gnu++14";
				CLANG_CXX_LIBRARY = "libc++";
				CLANG_ENABLE_MODULES = YES;
				CLANG_ENABLE_OBJC_ARC = YES;
				CLANG_ENABLE_OBJC_WEAK = YES;
				CLANG_WARN_BLOCK_CAPTURE_AUTORELEASING = YES;
				CLANG_WARN_BOOL_CONVERSION = YES;
				CLANG_WARN_COMMA = YES;
				CLANG_WARN_CONSTANT_CONVERSION = YES;
				CLANG_WARN_DEPRECATED_OBJC_IMPLEMENTATIONS = YES;
				CLANG_WARN_DIRECT_OBJC_ISA_USAGE = YES_ERROR;
				CLANG_WARN_DOCUMENTATION_COMMENTS = YES;
				CLANG_WARN_EMPTY_BODY = YES;
				CLANG_WARN_ENUM_CONVERSION = YES;
				CLANG_WARN_INFINITE_RECURSION = YES;
				CLANG_WARN_INT_CONVERSION = YES;
				CLANG_WARN_NON_LITERAL_NULL_CONVERSION = YES;
				CLANG_WARN_OBJC_IMPLICIT_RETAIN_SELF = YES;
				CLANG_WARN_OBJC_LITERAL_CONVERSION = YES;
				CLANG_WARN_OBJC_ROOT_CLASS = YES_ERROR;
				CLANG_WARN_QUOTED_INCLUDE_IN_FRAMEWORK_HEADER = YES;
				CLANG_WARN_RANGE_LOOP_ANALYSIS = YES;
				CLANG_WARN_STRICT_PROTOTYPES = YES;
				CLANG_WARN_SUSPICIOUS_MOVE = YES;
				CLANG_WARN_UNGUARDED_AVAILABILITY = YES_AGGRESSIVE;
				CLANG_WARN_UNREACHABLE_CODE = YES;
				CLANG_WARN__DUPLICATE_METHOD_MATCH = YES;
				COPY_PHASE_STRIP = NO;
				DEBUG_INFORMATION_FORMAT = "dwarf-with-dsym";
				ENABLE_NS_ASSERTIONS = NO;
				ENABLE_STRICT_OBJC_MSGSEND = YES;
				GCC_C_LANGUAGE_STANDARD = gnu11;
				GCC_NO_COMMON_BLOCKS = YES;
				GCC_WARN_64_TO_32_BIT_CONVERSION = YES;
				GCC_WARN_ABOUT_RETURN_TYPE = YES_ERROR;
				GCC_WARN_UNDECLARED_SELECTOR = YES;
				GCC_WARN_UNINITIALIZED_AUTOS = YES_AGGRESSIVE;
				GCC_WARN_UNUSED_FUNCTION = YES;
				GCC_WARN_UNUSED_VARIABLE = YES;
				IPHONEOS_DEPLOYMENT_TARGET = 14.4;
				MTL_ENABLE_DEBUG_INFO = NO;
				MTL_FAST_MATH = YES;
				SDKROOT = iphoneos;
				SWIFT_COMPILATION_MODE = wholemodule;
				SWIFT_OPTIMIZATION_LEVEL = "-O";
				VALIDATE_PRODUCT = YES;
			};
			name = Release;
		};
		0D45682D2648169300A99BFF /* Debug */ = {
			isa = XCBuildConfiguration;
			buildSettings = {
				ASSETCATALOG_COMPILER_APPICON_NAME = AppIcon;
				ASSETCATALOG_COMPILER_GLOBAL_ACCENT_COLOR_NAME = AccentColor;
				CODE_SIGN_STYLE = Automatic;
				INFOPLIST_FILE = "Netology_IB_Instruments'/Info.plist";
				LD_RUNPATH_SEARCH_PATHS = (
					"$(inherited)",
					"@executable_path/Frameworks",
				);
				PRODUCT_BUNDLE_IDENTIFIER = "-.Netology-IB-Instruments-";
				PRODUCT_NAME = "$(TARGET_NAME)";
				SWIFT_VERSION = 5.0;
				TARGETED_DEVICE_FAMILY = "1,2";
			};
			name = Debug;
		};
		0D45682E2648169300A99BFF /* Release */ = {
			isa = XCBuildConfiguration;
			buildSettings = {
				ASSETCATALOG_COMPILER_APPICON_NAME = AppIcon;
				ASSETCATALOG_COMPILER_GLOBAL_ACCENT_COLOR_NAME = AccentColor;
				CODE_SIGN_STYLE = Automatic;
				INFOPLIST_FILE = "Netology_IB_Instruments'/Info.plist";
				LD_RUNPATH_SEARCH_PATHS = (
					"$(inherited)",
					"@executable_path/Frameworks",
				);
				PRODUCT_BUNDLE_IDENTIFIER = "-.Netology-IB-Instruments-";
				PRODUCT_NAME = "$(TARGET_NAME)";
				SWIFT_VERSION = 5.0;
				TARGETED_DEVICE_FAMILY = "1,2";
			};
			name = Release;
		};
/* End XCBuildConfiguration section */

/* Begin XCConfigurationList section */
		0D4568132648169200A99BFF /* Build configuration list for PBXProject "Netology_IB_Instruments'" */ = {
			isa = XCConfigurationList;
			buildConfigurations = (
				0D45682A2648169300A99BFF /* Debug */,
				0D45682B2648169300A99BFF /* Release */,
			);
			defaultConfigurationIsVisible = 0;
			defaultConfigurationName = Release;
		};
		0D45682C2648169300A99BFF /* Build configuration list for PBXNativeTarget "Netology_IB_Instruments'" */ = {
			isa = XCConfigurationList;
			buildConfigurations = (
				0D45682D2648169300A99BFF /* Debug */,
				0D45682E2648169300A99BFF /* Release */,
			);
			defaultConfigurationIsVisible = 0;
			defaultConfigurationName = Release;
		};
/* End XCConfigurationList section */
	};
	rootObject = 0D4568102648169200A99BFF /* Project object */;
}
